
Microsoft Visual Studio Solution File, Format Version 12.00
# Visual Studio Version 17
VisualStudioVersion = 17.11.35312.102
MinimumVisualStudioVersion = 10.0.40219.1
Project("{FAE04EC0-301F-11D3-BF4B-00C04F79EFBC}") = "Atv-03", "Atv-03\Atv-03.csproj", "{D42DF119-FFA8-4C23-A30B-974755653917}"
EndProject
Global
	GlobalSection(SolutionConfigurationPlatforms) = preSolution
		Debug|Any CPU = Debug|Any CPU
		Release|Any CPU = Release|Any CPU
	EndGlobalSection
	GlobalSection(ProjectConfigurationPlatforms) = postSolution
		{D42DF119-FFA8-4C23-A30B-974755653917}.Debug|Any CPU.ActiveCfg = Debug|Any CPU
		{D42DF119-FFA8-4C23-A30B-974755653917}.Debug|Any CPU.Build.0 = Debug|Any CPU
		{D42DF119-FFA8-4C23-A30B-974755653917}.Release|Any CPU.ActiveCfg = Release|Any CPU
		{D42DF119-FFA8-4C23-A30B-974755653917}.Release|Any CPU.Build.0 = Release|Any CPU
	EndGlobalSection
	GlobalSection(SolutionProperties) = preSolution
		HideSolutionNode = FALSE
	EndGlobalSection
	GlobalSection(ExtensibilityGlobals) = postSolution
		SolutionGuid = {D49913E8-27BC-4A7C-ADF5-045268882097}
	EndGlobalSection
EndGlobal
